
Microsoft Visual Studio Solution File, Format Version 12.00
# Visual Studio Version 17
VisualStudioVersion = 17.13.35825.156 d17.13
MinimumVisualStudioVersion = 10.0.40219.1
Project("{FAE04EC0-301F-11D3-BF4B-00C04F79EFBC}") = "MidTerm8897", "MidTerm8897\MidTerm8897.csproj", "{6E06435F-2332-424A-8E32-A046ADD8EE23}"
EndProject
Global
	GlobalSection(SolutionConfigurationPlatforms) = preSolution
		Debug|Any CPU = Debug|Any CPU
		Release|Any CPU = Release|Any CPU
	EndGlobalSection
	GlobalSection(ProjectConfigurationPlatforms) = postSolution
		{6E06435F-2332-424A-8E32-A046ADD8EE23}.Debug|Any CPU.ActiveCfg = Debug|Any CPU
		{6E06435F-2332-424A-8E32-A046ADD8EE23}.Debug|Any CPU.Build.0 = Debug|Any CPU
		{6E06435F-2332-424A-8E32-A046ADD8EE23}.Release|Any CPU.ActiveCfg = Release|Any CPU
		{6E06435F-2332-424A-8E32-A046ADD8EE23}.Release|Any CPU.Build.0 = Release|Any CPU
	EndGlobalSection
	GlobalSection(SolutionProperties) = preSolution
		HideSolutionNode = FALSE
	EndGlobalSection
	GlobalSection(ExtensibilityGlobals) = postSolution
		SolutionGuid = {AD0F64BA-C221-4C66-9FA7-E911CC9DDF85}
	EndGlobalSection
EndGlobal
